
Microsoft Visual Studio Solution File, Format Version 12.00
# Visual Studio Version 16
VisualStudioVersion = 25.0.1706.10
MinimumVisualStudioVersion = 10.0.40219.1
Project("{FAE04EC0-301F-11D3-BF4B-00C04F79EFBC}") = "API_Books", "API_Books\API_Books.csproj", "{AE572C04-6522-4DF6-AED6-B93A1AEC7194}"
EndProject
Global
	GlobalSection(SolutionConfigurationPlatforms) = preSolution
		Debug|Any CPU = Debug|Any CPU
		Release|Any CPU = Release|Any CPU
	EndGlobalSection
	GlobalSection(ProjectConfigurationPlatforms) = postSolution
		{AE572C04-6522-4DF6-AED6-B93A1AEC7194}.Debug|Any CPU.ActiveCfg = Debug|Any CPU
		{AE572C04-6522-4DF6-AED6-B93A1AEC7194}.Debug|Any CPU.Build.0 = Debug|Any CPU
		{AE572C04-6522-4DF6-AED6-B93A1AEC7194}.Release|Any CPU.ActiveCfg = Release|Any CPU
		{AE572C04-6522-4DF6-AED6-B93A1AEC7194}.Release|Any CPU.Build.0 = Release|Any CPU
	EndGlobalSection
	GlobalSection(SolutionProperties) = preSolution
		HideSolutionNode = FALSE
	EndGlobalSection
	GlobalSection(ExtensibilityGlobals) = postSolution
		SolutionGuid = {86FDDEC6-97BC-48D2-9F4D-0080B47E2D36}
	EndGlobalSection
EndGlobal
